
Microsoft Visual Studio Solution File, Format Version 12.00
# Visual Studio Version 16
VisualStudioVersion = 16.0.29306.81
MinimumVisualStudioVersion = 10.0.40219.1
Project("{2150E333-8FDC-42A3-9474-1A3956D46DE8}") = "Solution Items", "Solution Items", "{20192A9F-024E-417F-89B2-FD5EC43E54A3}"
	ProjectSection(SolutionItems) = preProject
		README.md = README.md
	EndProjectSection
EndProject
Project("{9A19103F-16F7-4668-BE54-9A1E7A4F7556}") = "MoqSamples.Tests", "MoqSamples.Tests\MoqSamples.Tests.csproj", "{BC2508E1-2DFC-4EE9-864C-E503F6830411}"
EndProject
Project("{9A19103F-16F7-4668-BE54-9A1E7A4F7556}") = "MoqSamples", "MoqSamples\MoqSamples.csproj", "{141DA6F9-D341-4E2D-8084-F0AE729ED7EE}"
EndProject
Global
	GlobalSection(SolutionConfigurationPlatforms) = preSolution
		Debug|Any CPU = Debug|Any CPU
		Debug|Mixed Platforms = Debug|Mixed Platforms
		Debug|x86 = Debug|x86
		Release|Any CPU = Release|Any CPU
		Release|Mixed Platforms = Release|Mixed Platforms
		Release|x86 = Release|x86
	EndGlobalSection
	GlobalSection(ProjectConfigurationPlatforms) = postSolution
		{BC2508E1-2DFC-4EE9-864C-E503F6830411}.Debug|Any CPU.ActiveCfg = Debug|Any CPU
		{BC2508E1-2DFC-4EE9-864C-E503F6830411}.Debug|Any CPU.Build.0 = Debug|Any CPU
		{BC2508E1-2DFC-4EE9-864C-E503F6830411}.Debug|Mixed Platforms.ActiveCfg = Debug|Any CPU
		{BC2508E1-2DFC-4EE9-864C-E503F6830411}.Debug|Mixed Platforms.Build.0 = Debug|Any CPU
		{BC2508E1-2DFC-4EE9-864C-E503F6830411}.Debug|x86.ActiveCfg = Debug|Any CPU
		{BC2508E1-2DFC-4EE9-864C-E503F6830411}.Debug|x86.Build.0 = Debug|Any CPU
		{BC2508E1-2DFC-4EE9-864C-E503F6830411}.Release|Any CPU.ActiveCfg = Release|Any CPU
		{BC2508E1-2DFC-4EE9-864C-E503F6830411}.Release|Any CPU.Build.0 = Release|Any CPU
		{BC2508E1-2DFC-4EE9-864C-E503F6830411}.Release|Mixed Platforms.ActiveCfg = Release|Any CPU
		{BC2508E1-2DFC-4EE9-864C-E503F6830411}.Release|Mixed Platforms.Build.0 = Release|Any CPU
		{BC2508E1-2DFC-4EE9-864C-E503F6830411}.Release|x86.ActiveCfg = Release|Any CPU
		{BC2508E1-2DFC-4EE9-864C-E503F6830411}.Release|x86.Build.0 = Release|Any CPU
		{141DA6F9-D341-4E2D-8084-F0AE729ED7EE}.Debug|Any CPU.ActiveCfg = Debug|Any CPU
		{141DA6F9-D341-4E2D-8084-F0AE729ED7EE}.Debug|Any CPU.Build.0 = Debug|Any CPU
		{141DA6F9-D341-4E2D-8084-F0AE729ED7EE}.Debug|Mixed Platforms.ActiveCfg = Debug|Any CPU
		{141DA6F9-D341-4E2D-8084-F0AE729ED7EE}.Debug|Mixed Platforms.Build.0 = Debug|Any CPU
		{141DA6F9-D341-4E2D-8084-F0AE729ED7EE}.Debug|x86.ActiveCfg = Debug|Any CPU
		{141DA6F9-D341-4E2D-8084-F0AE729ED7EE}.Debug|x86.Build.0 = Debug|Any CPU
		{141DA6F9-D341-4E2D-8084-F0AE729ED7EE}.Release|Any CPU.ActiveCfg = Release|Any CPU
		{141DA6F9-D341-4E2D-8084-F0AE729ED7EE}.Release|Any CPU.Build.0 = Release|Any CPU
		{141DA6F9-D341-4E2D-8084-F0AE729ED7EE}.Release|Mixed Platforms.ActiveCfg = Release|Any CPU
		{141DA6F9-D341-4E2D-8084-F0AE729ED7EE}.Release|Mixed Platforms.Build.0 = Release|Any CPU
		{141DA6F9-D341-4E2D-8084-F0AE729ED7EE}.Release|x86.ActiveCfg = Release|Any CPU
		{141DA6F9-D341-4E2D-8084-F0AE729ED7EE}.Release|x86.Build.0 = Release|Any CPU
	EndGlobalSection
	GlobalSection(SolutionProperties) = preSolution
		HideSolutionNode = FALSE
	EndGlobalSection
	GlobalSection(ExtensibilityGlobals) = postSolution
		SolutionGuid = {212B984E-70E9-48E5-A718-35EF0C8BCF14}
	EndGlobalSection
	GlobalSection(TestCaseManagementSettings) = postSolution
		CategoryFile = MoqSamples.vsmdi
	EndGlobalSection
EndGlobal
