
Microsoft Visual Studio Solution File, Format Version 12.00
# Visual Studio 2013
VisualStudioVersion = 12.0.30501.0
MinimumVisualStudioVersion = 10.0.40219.1
Project("{FAE04EC0-301F-11D3-BF4B-00C04F79EFBC}") = "MoqSamples", "MoqSamples\MoqSamples.csproj", "{EC1078CA-3419-4046-82A6-EF9E9EADDDD1}"
EndProject
Project("{FAE04EC0-301F-11D3-BF4B-00C04F79EFBC}") = "MoqSample2", "MoqSample2\MoqSample2.csproj", "{0D5E1630-E684-4828-8711-E20B3034F046}"
EndProject
Project("{FAE04EC0-301F-11D3-BF4B-00C04F79EFBC}") = "MoqSample3", "MoqSample3\MoqSample3.csproj", "{73233011-DE6A-4AE0-AF7C-5851A3B73EA3}"
EndProject
Project("{2150E333-8FDC-42A3-9474-1A3956D46DE8}") = "Solution Items", "Solution Items", "{20192A9F-024E-417F-89B2-FD5EC43E54A3}"
	ProjectSection(SolutionItems) = preProject
		Local.testsettings = Local.testsettings
		MoqSamples.vsmdi = MoqSamples.vsmdi
		TraceAndTestImpact.testsettings = TraceAndTestImpact.testsettings
	EndProjectSection
EndProject
Project("{FAE04EC0-301F-11D3-BF4B-00C04F79EFBC}") = "QuickStart", "QuickStart\QuickStart.csproj", "{FBD23104-F020-4D0C-B5F8-E8DF099C8649}"
EndProject
Global
	GlobalSection(SolutionConfigurationPlatforms) = preSolution
		Debug|Any CPU = Debug|Any CPU
		Debug|Mixed Platforms = Debug|Mixed Platforms
		Debug|x86 = Debug|x86
		Release|Any CPU = Release|Any CPU
		Release|Mixed Platforms = Release|Mixed Platforms
		Release|x86 = Release|x86
	EndGlobalSection
	GlobalSection(ProjectConfigurationPlatforms) = postSolution
		{EC1078CA-3419-4046-82A6-EF9E9EADDDD1}.Debug|Any CPU.ActiveCfg = Debug|x86
		{EC1078CA-3419-4046-82A6-EF9E9EADDDD1}.Debug|Mixed Platforms.ActiveCfg = Debug|x86
		{EC1078CA-3419-4046-82A6-EF9E9EADDDD1}.Debug|Mixed Platforms.Build.0 = Debug|x86
		{EC1078CA-3419-4046-82A6-EF9E9EADDDD1}.Debug|x86.ActiveCfg = Debug|x86
		{EC1078CA-3419-4046-82A6-EF9E9EADDDD1}.Debug|x86.Build.0 = Debug|x86
		{EC1078CA-3419-4046-82A6-EF9E9EADDDD1}.Release|Any CPU.ActiveCfg = Release|x86
		{EC1078CA-3419-4046-82A6-EF9E9EADDDD1}.Release|Mixed Platforms.ActiveCfg = Release|x86
		{EC1078CA-3419-4046-82A6-EF9E9EADDDD1}.Release|Mixed Platforms.Build.0 = Release|x86
		{EC1078CA-3419-4046-82A6-EF9E9EADDDD1}.Release|x86.ActiveCfg = Release|x86
		{EC1078CA-3419-4046-82A6-EF9E9EADDDD1}.Release|x86.Build.0 = Release|x86
		{0D5E1630-E684-4828-8711-E20B3034F046}.Debug|Any CPU.ActiveCfg = Debug|x86
		{0D5E1630-E684-4828-8711-E20B3034F046}.Debug|Mixed Platforms.ActiveCfg = Debug|x86
		{0D5E1630-E684-4828-8711-E20B3034F046}.Debug|Mixed Platforms.Build.0 = Debug|x86
		{0D5E1630-E684-4828-8711-E20B3034F046}.Debug|x86.ActiveCfg = Debug|x86
		{0D5E1630-E684-4828-8711-E20B3034F046}.Debug|x86.Build.0 = Debug|x86
		{0D5E1630-E684-4828-8711-E20B3034F046}.Release|Any CPU.ActiveCfg = Release|x86
		{0D5E1630-E684-4828-8711-E20B3034F046}.Release|Mixed Platforms.ActiveCfg = Release|x86
		{0D5E1630-E684-4828-8711-E20B3034F046}.Release|Mixed Platforms.Build.0 = Release|x86
		{0D5E1630-E684-4828-8711-E20B3034F046}.Release|x86.ActiveCfg = Release|x86
		{0D5E1630-E684-4828-8711-E20B3034F046}.Release|x86.Build.0 = Release|x86
		{73233011-DE6A-4AE0-AF7C-5851A3B73EA3}.Debug|Any CPU.ActiveCfg = Debug|x86
		{73233011-DE6A-4AE0-AF7C-5851A3B73EA3}.Debug|Mixed Platforms.ActiveCfg = Debug|x86
		{73233011-DE6A-4AE0-AF7C-5851A3B73EA3}.Debug|Mixed Platforms.Build.0 = Debug|x86
		{73233011-DE6A-4AE0-AF7C-5851A3B73EA3}.Debug|x86.ActiveCfg = Debug|x86
		{73233011-DE6A-4AE0-AF7C-5851A3B73EA3}.Debug|x86.Build.0 = Debug|x86
		{73233011-DE6A-4AE0-AF7C-5851A3B73EA3}.Release|Any CPU.ActiveCfg = Release|x86
		{73233011-DE6A-4AE0-AF7C-5851A3B73EA3}.Release|Mixed Platforms.ActiveCfg = Release|x86
		{73233011-DE6A-4AE0-AF7C-5851A3B73EA3}.Release|Mixed Platforms.Build.0 = Release|x86
		{73233011-DE6A-4AE0-AF7C-5851A3B73EA3}.Release|x86.ActiveCfg = Release|x86
		{73233011-DE6A-4AE0-AF7C-5851A3B73EA3}.Release|x86.Build.0 = Release|x86
		{FBD23104-F020-4D0C-B5F8-E8DF099C8649}.Debug|Any CPU.ActiveCfg = Debug|x86
		{FBD23104-F020-4D0C-B5F8-E8DF099C8649}.Debug|Mixed Platforms.ActiveCfg = Debug|x86
		{FBD23104-F020-4D0C-B5F8-E8DF099C8649}.Debug|Mixed Platforms.Build.0 = Debug|x86
		{FBD23104-F020-4D0C-B5F8-E8DF099C8649}.Debug|x86.ActiveCfg = Debug|x86
		{FBD23104-F020-4D0C-B5F8-E8DF099C8649}.Debug|x86.Build.0 = Debug|x86
		{FBD23104-F020-4D0C-B5F8-E8DF099C8649}.Release|Any CPU.ActiveCfg = Release|x86
		{FBD23104-F020-4D0C-B5F8-E8DF099C8649}.Release|Mixed Platforms.ActiveCfg = Release|x86
		{FBD23104-F020-4D0C-B5F8-E8DF099C8649}.Release|Mixed Platforms.Build.0 = Release|x86
		{FBD23104-F020-4D0C-B5F8-E8DF099C8649}.Release|x86.ActiveCfg = Release|x86
		{FBD23104-F020-4D0C-B5F8-E8DF099C8649}.Release|x86.Build.0 = Release|x86
	EndGlobalSection
	GlobalSection(SolutionProperties) = preSolution
		HideSolutionNode = FALSE
	EndGlobalSection
	GlobalSection(TestCaseManagementSettings) = postSolution
		CategoryFile = MoqSamples.vsmdi
	EndGlobalSection
EndGlobal
